
Microsoft Visual Studio Solution File, Format Version 12.00
Project("{FAE04EC0-301F-11D3-BF4B-00C04F79EFBC}") = "API.Utilities.Contract", "src\API.Utilities.Contract.csproj", "{6B62EA6C-63DA-4A81-A8FC-D74093C0708C}"
EndProject
Project("{FAE04EC0-301F-11D3-BF4B-00C04F79EFBC}") = "Contract.Test.Unit", "test\unit\Contract.Test.Unit.csproj", "{6C7C7CD7-DA54-444A-9F1D-66E1DA7A0C45}"
EndProject
Project("{2150E333-8FDC-42A3-9474-1A3956D46DE8}") = "Solution Items", "Solution Items", "{1503228D-C893-466A-A4AD-F95C44A5F734}"
	ProjectSection(SolutionItems) = preProject
		.gitignore = .gitignore
		.gitlab-ci.yml = .gitlab-ci.yml
		CHANGELOG.md = CHANGELOG.md
		CONTRIBUTING.md = CONTRIBUTING.md
	EndProjectSection
EndProject
Global
	GlobalSection(SolutionConfigurationPlatforms) = preSolution
		Debug|Any CPU = Debug|Any CPU
		Release|Any CPU = Release|Any CPU
	EndGlobalSection
	GlobalSection(ProjectConfigurationPlatforms) = postSolution
		{6B62EA6C-63DA-4A81-A8FC-D74093C0708C}.Debug|Any CPU.ActiveCfg = Debug|Any CPU
		{6B62EA6C-63DA-4A81-A8FC-D74093C0708C}.Debug|Any CPU.Build.0 = Debug|Any CPU
		{6B62EA6C-63DA-4A81-A8FC-D74093C0708C}.Release|Any CPU.ActiveCfg = Release|Any CPU
		{6B62EA6C-63DA-4A81-A8FC-D74093C0708C}.Release|Any CPU.Build.0 = Release|Any CPU
		{6C7C7CD7-DA54-444A-9F1D-66E1DA7A0C45}.Debug|Any CPU.ActiveCfg = Debug|Any CPU
		{6C7C7CD7-DA54-444A-9F1D-66E1DA7A0C45}.Debug|Any CPU.Build.0 = Debug|Any CPU
		{6C7C7CD7-DA54-444A-9F1D-66E1DA7A0C45}.Release|Any CPU.ActiveCfg = Release|Any CPU
		{6C7C7CD7-DA54-444A-9F1D-66E1DA7A0C45}.Release|Any CPU.Build.0 = Release|Any CPU
	EndGlobalSection
EndGlobal
